// !$*UTF8*$!
{
	archiveVersion = 1;
	classes = {
	};
	objectVersion = 55;
	objects = {

/* Begin PBXBuildFile section */
		887DE60554E493A22BB5C932 /* Pods_Bankey.framework in Frameworks */ = {isa = PBXBuildFile; fileRef = E1A19F71E036B020D4874AB1 /* Pods_Bankey.framework */; };
		E91104F328CC17C100284242 /* WeatherService.swift in Sources */ = {isa = PBXBuildFile; fileRef = E91104F228CC17C100284242 /* WeatherService.swift */; };
		E91104F528CC197600284242 /* WeatherViewController.swift in Sources */ = {isa = PBXBuildFile; fileRef = E91104F428CC197600284242 /* WeatherViewController.swift */; };
		E92B9EFA28CF83D900208254 /* AccountSummaryViewController.swift in Sources */ = {isa = PBXBuildFile; fileRef = E92B9EF928CF83D900208254 /* AccountSummaryViewController.swift */; };
		E92B9EFD28CF89DF00208254 /* AccountSummaryHeaderView.swift in Sources */ = {isa = PBXBuildFile; fileRef = E92B9EFC28CF89DF00208254 /* AccountSummaryHeaderView.swift */; };
		E92B9EFF28CF8A1100208254 /* AccountSummaryHeaderView.xib in Resources */ = {isa = PBXBuildFile; fileRef = E92B9EFE28CF8A1100208254 /* AccountSummaryHeaderView.xib */; };
		E92B9F0328CFFFDC00208254 /* AccountSummaryCell.swift in Sources */ = {isa = PBXBuildFile; fileRef = E92B9F0228CFFFDC00208254 /* AccountSummaryCell.swift */; };
		E937D76028CA1EB000693B40 /* AppDelegate.swift in Sources */ = {isa = PBXBuildFile; fileRef = E937D75F28CA1EB000693B40 /* AppDelegate.swift */; };
		E937D76428CA1EB000693B40 /* LoginViewController.swift in Sources */ = {isa = PBXBuildFile; fileRef = E937D76328CA1EB000693B40 /* LoginViewController.swift */; };
		E937D76928CA1EB100693B40 /* Assets.xcassets in Resources */ = {isa = PBXBuildFile; fileRef = E937D76828CA1EB100693B40 /* Assets.xcassets */; };
		E937D76C28CA1EB100693B40 /* LaunchScreen.storyboard in Resources */ = {isa = PBXBuildFile; fileRef = E937D76A28CA1EB100693B40 /* LaunchScreen.storyboard */; };
		E937D77428CA1F6000693B40 /* LoginView.swift in Sources */ = {isa = PBXBuildFile; fileRef = E937D77328CA1F6000693B40 /* LoginView.swift */; };
		E937D77A28CA5F1800693B40 /* OnboardingContainerViewController.swift in Sources */ = {isa = PBXBuildFile; fileRef = E937D77928CA5F1800693B40 /* OnboardingContainerViewController.swift */; };
		E984067628CD75090055CF19 /* DummyViewController.swift in Sources */ = {isa = PBXBuildFile; fileRef = E984067528CD75090055CF19 /* DummyViewController.swift */; };
		E984067B28CD928C0055CF19 /* LocalState.swift in Sources */ = {isa = PBXBuildFile; fileRef = E984067A28CD928C0055CF19 /* LocalState.swift */; };
		E98F454828CE4CAD0067D657 /* UIViewController+Extension.swift in Sources */ = {isa = PBXBuildFile; fileRef = E98F454728CE4CAD0067D657 /* UIViewController+Extension.swift */; };
		E98F454A28CE4D890067D657 /* UIColor+Extension.swift in Sources */ = {isa = PBXBuildFile; fileRef = E98F454928CE4D890067D657 /* UIColor+Extension.swift */; };
		E98F454C28CE4E9F0067D657 /* MainViewController.swift in Sources */ = {isa = PBXBuildFile; fileRef = E98F454B28CE4E9F0067D657 /* MainViewController.swift */; };
		E9A3CB1C28CB7E76004DC16A /* OnboardingViewController.swift in Sources */ = {isa = PBXBuildFile; fileRef = E9A3CB1B28CB7E76004DC16A /* OnboardingViewController.swift */; };
		E9BA0CD228D22B4D00A3F406 /* CurrencyFormatter.swift in Sources */ = {isa = PBXBuildFile; fileRef = E9BA0CD128D22B4D00A3F406 /* CurrencyFormatter.swift */; };
/* End PBXBuildFile section */

/* Begin PBXFileReference section */
		06121A970D8B4863FC870548 /* Pods-Bankey.release.xcconfig */ = {isa = PBXFileReference; includeInIndex = 1; lastKnownFileType = text.xcconfig; name = "Pods-Bankey.release.xcconfig"; path = "Target Support Files/Pods-Bankey/Pods-Bankey.release.xcconfig"; sourceTree = "<group>"; };
		B8A5C34A087CBCA0E04673BA /* Pods-Bankey.debug.xcconfig */ = {isa = PBXFileReference; includeInIndex = 1; lastKnownFileType = text.xcconfig; name = "Pods-Bankey.debug.xcconfig"; path = "Target Support Files/Pods-Bankey/Pods-Bankey.debug.xcconfig"; sourceTree = "<group>"; };
		E1A19F71E036B020D4874AB1 /* Pods_Bankey.framework */ = {isa = PBXFileReference; explicitFileType = wrapper.framework; includeInIndex = 0; path = Pods_Bankey.framework; sourceTree = BUILT_PRODUCTS_DIR; };
		E91104F228CC17C100284242 /* WeatherService.swift */ = {isa = PBXFileReference; lastKnownFileType = sourcecode.swift; path = WeatherService.swift; sourceTree = "<group>"; };
		E91104F428CC197600284242 /* WeatherViewController.swift */ = {isa = PBXFileReference; lastKnownFileType = sourcecode.swift; path = WeatherViewController.swift; sourceTree = "<group>"; };
		E92B9EF928CF83D900208254 /* AccountSummaryViewController.swift */ = {isa = PBXFileReference; lastKnownFileType = sourcecode.swift; path = AccountSummaryViewController.swift; sourceTree = "<group>"; };
		E92B9EFC28CF89DF00208254 /* AccountSummaryHeaderView.swift */ = {isa = PBXFileReference; lastKnownFileType = sourcecode.swift; path = AccountSummaryHeaderView.swift; sourceTree = "<group>"; };
		E92B9EFE28CF8A1100208254 /* AccountSummaryHeaderView.xib */ = {isa = PBXFileReference; lastKnownFileType = file.xib; path = AccountSummaryHeaderView.xib; sourceTree = "<group>"; };
		E92B9F0228CFFFDC00208254 /* AccountSummaryCell.swift */ = {isa = PBXFileReference; lastKnownFileType = sourcecode.swift; path = AccountSummaryCell.swift; sourceTree = "<group>"; };
		E937D75C28CA1EB000693B40 /* Bankey.app */ = {isa = PBXFileReference; explicitFileType = wrapper.application; includeInIndex = 0; path = Bankey.app; sourceTree = BUILT_PRODUCTS_DIR; };
		E937D75F28CA1EB000693B40 /* AppDelegate.swift */ = {isa = PBXFileReference; lastKnownFileType = sourcecode.swift; path = AppDelegate.swift; sourceTree = "<group>"; };
		E937D76328CA1EB000693B40 /* LoginViewController.swift */ = {isa = PBXFileReference; lastKnownFileType = sourcecode.swift; path = LoginViewController.swift; sourceTree = "<group>"; };
		E937D76828CA1EB100693B40 /* Assets.xcassets */ = {isa = PBXFileReference; lastKnownFileType = folder.assetcatalog; path = Assets.xcassets; sourceTree = "<group>"; };
		E937D76B28CA1EB100693B40 /* Base */ = {isa = PBXFileReference; lastKnownFileType = file.storyboard; name = Base; path = Base.lproj/LaunchScreen.storyboard; sourceTree = "<group>"; };
		E937D76D28CA1EB100693B40 /* Info.plist */ = {isa = PBXFileReference; lastKnownFileType = text.plist.xml; path = Info.plist; sourceTree = "<group>"; };
		E937D77328CA1F6000693B40 /* LoginView.swift */ = {isa = PBXFileReference; lastKnownFileType = sourcecode.swift; path = LoginView.swift; sourceTree = "<group>"; };
		E937D77728CA22B500693B40 /* README.md */ = {isa = PBXFileReference; lastKnownFileType = net.daringfireball.markdown; path = README.md; sourceTree = "<group>"; };
		E937D77928CA5F1800693B40 /* OnboardingContainerViewController.swift */ = {isa = PBXFileReference; lastKnownFileType = sourcecode.swift; path = OnboardingContainerViewController.swift; sourceTree = "<group>"; };
		E984067528CD75090055CF19 /* DummyViewController.swift */ = {isa = PBXFileReference; lastKnownFileType = sourcecode.swift; path = DummyViewController.swift; sourceTree = "<group>"; };
		E984067A28CD928C0055CF19 /* LocalState.swift */ = {isa = PBXFileReference; lastKnownFileType = sourcecode.swift; path = LocalState.swift; sourceTree = "<group>"; };
		E98F454728CE4CAD0067D657 /* UIViewController+Extension.swift */ = {isa = PBXFileReference; lastKnownFileType = sourcecode.swift; path = "UIViewController+Extension.swift"; sourceTree = "<group>"; };
		E98F454928CE4D890067D657 /* UIColor+Extension.swift */ = {isa = PBXFileReference; lastKnownFileType = sourcecode.swift; path = "UIColor+Extension.swift"; sourceTree = "<group>"; };
		E98F454B28CE4E9F0067D657 /* MainViewController.swift */ = {isa = PBXFileReference; lastKnownFileType = sourcecode.swift; path = MainViewController.swift; sourceTree = "<group>"; };
		E9A3CB1B28CB7E76004DC16A /* OnboardingViewController.swift */ = {isa = PBXFileReference; lastKnownFileType = sourcecode.swift; path = OnboardingViewController.swift; sourceTree = "<group>"; };
		E9BA0CD128D22B4D00A3F406 /* CurrencyFormatter.swift */ = {isa = PBXFileReference; lastKnownFileType = sourcecode.swift; path = CurrencyFormatter.swift; sourceTree = "<group>"; };
/* End PBXFileReference section */

/* Begin PBXFrameworksBuildPhase section */
		E937D75928CA1EB000693B40 /* Frameworks */ = {
			isa = PBXFrameworksBuildPhase;
			buildActionMask = 2147483647;
			files = (
				887DE60554E493A22BB5C932 /* Pods_Bankey.framework in Frameworks */,
			);
			runOnlyForDeploymentPostprocessing = 0;
		};
/* End PBXFrameworksBuildPhase section */

/* Begin PBXGroup section */
		4E5FFE545203E1D6618CF61B /* Pods */ = {
			isa = PBXGroup;
			children = (
				B8A5C34A087CBCA0E04673BA /* Pods-Bankey.debug.xcconfig */,
				06121A970D8B4863FC870548 /* Pods-Bankey.release.xcconfig */,
			);
			path = Pods;
			sourceTree = "<group>";
		};
		8609BF9DF73686D50A5B60E9 /* Frameworks */ = {
			isa = PBXGroup;
			children = (
				E1A19F71E036B020D4874AB1 /* Pods_Bankey.framework */,
			);
			name = Frameworks;
			sourceTree = "<group>";
		};
		E91104F128CC179F00284242 /* Weather */ = {
			isa = PBXGroup;
			children = (
				E91104F228CC17C100284242 /* WeatherService.swift */,
				E91104F428CC197600284242 /* WeatherViewController.swift */,
			);
			name = Weather;
			sourceTree = "<group>";
		};
		E92B9EFB28CF83F000208254 /* AccountSummary */ = {
			isa = PBXGroup;
			children = (
				E92B9EF928CF83D900208254 /* AccountSummaryViewController.swift */,
				E92B9F0028CFFF7700208254 /* Header */,
				E92B9F0128CFFF9500208254 /* Cells */,
			);
			name = AccountSummary;
			sourceTree = "<group>";
		};
		E92B9F0028CFFF7700208254 /* Header */ = {
			isa = PBXGroup;
			children = (
				E92B9EFC28CF89DF00208254 /* AccountSummaryHeaderView.swift */,
				E92B9EFE28CF8A1100208254 /* AccountSummaryHeaderView.xib */,
			);
			name = Header;
			sourceTree = "<group>";
		};
		E92B9F0128CFFF9500208254 /* Cells */ = {
			isa = PBXGroup;
			children = (
				E92B9F0228CFFFDC00208254 /* AccountSummaryCell.swift */,
			);
			name = Cells;
			sourceTree = "<group>";
		};
		E937D75328CA1EB000693B40 = {
			isa = PBXGroup;
			children = (
				E937D77728CA22B500693B40 /* README.md */,
				E937D75E28CA1EB000693B40 /* Bankey */,
				E937D75D28CA1EB000693B40 /* Products */,
				4E5FFE545203E1D6618CF61B /* Pods */,
				8609BF9DF73686D50A5B60E9 /* Frameworks */,
			);
			sourceTree = "<group>";
		};
		E937D75D28CA1EB000693B40 /* Products */ = {
			isa = PBXGroup;
			children = (
				E937D75C28CA1EB000693B40 /* Bankey.app */,
			);
			name = Products;
			sourceTree = "<group>";
		};
		E937D75E28CA1EB000693B40 /* Bankey */ = {
			isa = PBXGroup;
			children = (
				E937D75F28CA1EB000693B40 /* AppDelegate.swift */,
				E98F454B28CE4E9F0067D657 /* MainViewController.swift */,
				E937D77628CA220500693B40 /* Login */,
				E937D77828CA5EE400693B40 /* Onboarding */,
				E92B9EFB28CF83F000208254 /* AccountSummary */,
				E984067728CD92620055CF19 /* Utilities */,
				E91104F128CC179F00284242 /* Weather */,
				E937D77528CA21E700693B40 /* Supporting Files */,
			);
			path = Bankey;
			sourceTree = "<group>";
		};
		E937D77528CA21E700693B40 /* Supporting Files */ = {
			isa = PBXGroup;
			children = (
				E937D76828CA1EB100693B40 /* Assets.xcassets */,
				E937D76A28CA1EB100693B40 /* LaunchScreen.storyboard */,
				E937D76D28CA1EB100693B40 /* Info.plist */,
			);
			name = "Supporting Files";
			sourceTree = "<group>";
		};
		E937D77628CA220500693B40 /* Login */ = {
			isa = PBXGroup;
			children = (
				E937D76328CA1EB000693B40 /* LoginViewController.swift */,
				E937D77328CA1F6000693B40 /* LoginView.swift */,
				E984067528CD75090055CF19 /* DummyViewController.swift */,
			);
			name = Login;
			sourceTree = "<group>";
		};
		E937D77828CA5EE400693B40 /* Onboarding */ = {
			isa = PBXGroup;
			children = (
				E937D77928CA5F1800693B40 /* OnboardingContainerViewController.swift */,
				E9A3CB1B28CB7E76004DC16A /* OnboardingViewController.swift */,
			);
			name = Onboarding;
			sourceTree = "<group>";
		};
		E984067728CD92620055CF19 /* Utilities */ = {
			isa = PBXGroup;
			children = (
				E984067A28CD928C0055CF19 /* LocalState.swift */,
				E98F454728CE4CAD0067D657 /* UIViewController+Extension.swift */,
				E98F454928CE4D890067D657 /* UIColor+Extension.swift */,
				E9BA0CD128D22B4D00A3F406 /* CurrencyFormatter.swift */,
			);
			name = Utilities;
			sourceTree = "<group>";
		};
/* End PBXGroup section */

/* Begin PBXNativeTarget section */
		E937D75B28CA1EB000693B40 /* Bankey */ = {
			isa = PBXNativeTarget;
			buildConfigurationList = E937D77028CA1EB100693B40 /* Build configuration list for PBXNativeTarget "Bankey" */;
			buildPhases = (
				3C451F38C31D1AA119BF1C3E /* [CP] Check Pods Manifest.lock */,
				E937D75828CA1EB000693B40 /* Sources */,
				E937D75928CA1EB000693B40 /* Frameworks */,
				E937D75A28CA1EB000693B40 /* Resources */,
				E92CB1CD28D3F7CD0003C896 /* ShellScript */,
			);
			buildRules = (
			);
			dependencies = (
			);
			name = Bankey;
			productName = Bankey;
			productReference = E937D75C28CA1EB000693B40 /* Bankey.app */;
			productType = "com.apple.product-type.application";
		};
/* End PBXNativeTarget section */

/* Begin PBXProject section */
		E937D75428CA1EB000693B40 /* Project object */ = {
			isa = PBXProject;
			attributes = {
				BuildIndependentTargetsInParallel = 1;
				LastSwiftUpdateCheck = 1400;
				LastUpgradeCheck = 1400;
				TargetAttributes = {
					E937D75B28CA1EB000693B40 = {
						CreatedOnToolsVersion = 14.0;
					};
				};
			};
			buildConfigurationList = E937D75728CA1EB000693B40 /* Build configuration list for PBXProject "Bankey" */;
			compatibilityVersion = "Xcode 13.0";
			developmentRegion = en;
			hasScannedForEncodings = 0;
			knownRegions = (
				en,
				Base,
			);
			mainGroup = E937D75328CA1EB000693B40;
			productRefGroup = E937D75D28CA1EB000693B40 /* Products */;
			projectDirPath = "";
			projectRoot = "";
			targets = (
				E937D75B28CA1EB000693B40 /* Bankey */,
			);
		};
/* End PBXProject section */

/* Begin PBXResourcesBuildPhase section */
		E937D75A28CA1EB000693B40 /* Resources */ = {
			isa = PBXResourcesBuildPhase;
			buildActionMask = 2147483647;
			files = (
				E92B9EFF28CF8A1100208254 /* AccountSummaryHeaderView.xib in Resources */,
				E937D76C28CA1EB100693B40 /* LaunchScreen.storyboard in Resources */,
				E937D76928CA1EB100693B40 /* Assets.xcassets in Resources */,
			);
			runOnlyForDeploymentPostprocessing = 0;
		};
/* End PBXResourcesBuildPhase section */

/* Begin PBXShellScriptBuildPhase section */
		3C451F38C31D1AA119BF1C3E /* [CP] Check Pods Manifest.lock */ = {
			isa = PBXShellScriptBuildPhase;
			buildActionMask = 2147483647;
			files = (
			);
			inputFileListPaths = (
			);
			inputPaths = (
				"${PODS_PODFILE_DIR_PATH}/Podfile.lock",
				"${PODS_ROOT}/Manifest.lock",
			);
			name = "[CP] Check Pods Manifest.lock";
			outputFileListPaths = (
			);
			outputPaths = (
				"$(DERIVED_FILE_DIR)/Pods-Bankey-checkManifestLockResult.txt",
			);
			runOnlyForDeploymentPostprocessing = 0;
			shellPath = /bin/sh;
			shellScript = "diff \"${PODS_PODFILE_DIR_PATH}/Podfile.lock\" \"${PODS_ROOT}/Manifest.lock\" > /dev/null\nif [ $? != 0 ] ; then\n    # print error to STDERR\n    echo \"error: The sandbox is not in sync with the Podfile.lock. Run 'pod install' or update your CocoaPods installation.\" >&2\n    exit 1\nfi\n# This output is used by Xcode 'outputs' to avoid re-running this script phase.\necho \"SUCCESS\" > \"${SCRIPT_OUTPUT_FILE_0}\"\n";
			showEnvVarsInLog = 0;
		};
		E92CB1CD28D3F7CD0003C896 /* ShellScript */ = {
			isa = PBXShellScriptBuildPhase;
			alwaysOutOfDate = 1;
			buildActionMask = 2147483647;
			files = (
			);
			inputFileListPaths = (
			);
			inputPaths = (
			);
			outputFileListPaths = (
			);
			outputPaths = (
			);
			runOnlyForDeploymentPostprocessing = 0;
			shellPath = /bin/sh;
			shellScript = "\"${PODS_ROOT}/SwiftLint/swiftlint\"\n";
		};
/* End PBXShellScriptBuildPhase section */

/* Begin PBXSourcesBuildPhase section */
		E937D75828CA1EB000693B40 /* Sources */ = {
			isa = PBXSourcesBuildPhase;
			buildActionMask = 2147483647;
			files = (
				E937D77428CA1F6000693B40 /* LoginView.swift in Sources */,
				E9BA0CD228D22B4D00A3F406 /* CurrencyFormatter.swift in Sources */,
				E984067B28CD928C0055CF19 /* LocalState.swift in Sources */,
				E937D76428CA1EB000693B40 /* LoginViewController.swift in Sources */,
				E98F454C28CE4E9F0067D657 /* MainViewController.swift in Sources */,
				E92B9EFA28CF83D900208254 /* AccountSummaryViewController.swift in Sources */,
				E98F454A28CE4D890067D657 /* UIColor+Extension.swift in Sources */,
				E92B9F0328CFFFDC00208254 /* AccountSummaryCell.swift in Sources */,
				E9A3CB1C28CB7E76004DC16A /* OnboardingViewController.swift in Sources */,
				E937D76028CA1EB000693B40 /* AppDelegate.swift in Sources */,
				E91104F528CC197600284242 /* WeatherViewController.swift in Sources */,
				E91104F328CC17C100284242 /* WeatherService.swift in Sources */,
				E92B9EFD28CF89DF00208254 /* AccountSummaryHeaderView.swift in Sources */,
				E937D77A28CA5F1800693B40 /* OnboardingContainerViewController.swift in Sources */,
				E98F454828CE4CAD0067D657 /* UIViewController+Extension.swift in Sources */,
				E984067628CD75090055CF19 /* DummyViewController.swift in Sources */,
			);
			runOnlyForDeploymentPostprocessing = 0;
		};
/* End PBXSourcesBuildPhase section */

/* Begin PBXVariantGroup section */
		E937D76A28CA1EB100693B40 /* LaunchScreen.storyboard */ = {
			isa = PBXVariantGroup;
			children = (
				E937D76B28CA1EB100693B40 /* Base */,
			);
			name = LaunchScreen.storyboard;
			sourceTree = "<group>";
		};
/* End PBXVariantGroup section */

/* Begin XCBuildConfiguration section */
		E937D76E28CA1EB100693B40 /* Debug */ = {
			isa = XCBuildConfiguration;
			buildSettings = {
				ALWAYS_SEARCH_USER_PATHS = NO;
				CLANG_ANALYZER_NONNULL = YES;
				CLANG_ANALYZER_NUMBER_OBJECT_CONVERSION = YES_AGGRESSIVE;
				CLANG_CXX_LANGUAGE_STANDARD = "gnu++20";
				CLANG_ENABLE_MODULES = YES;
				CLANG_ENABLE_OBJC_ARC = YES;
				CLANG_ENABLE_OBJC_WEAK = YES;
				CLANG_WARN_BLOCK_CAPTURE_AUTORELEASING = YES;
				CLANG_WARN_BOOL_CONVERSION = YES;
				CLANG_WARN_COMMA = YES;
				CLANG_WARN_CONSTANT_CONVERSION = YES;
				CLANG_WARN_DEPRECATED_OBJC_IMPLEMENTATIONS = YES;
				CLANG_WARN_DIRECT_OBJC_ISA_USAGE = YES_ERROR;
				CLANG_WARN_DOCUMENTATION_COMMENTS = YES;
				CLANG_WARN_EMPTY_BODY = YES;
				CLANG_WARN_ENUM_CONVERSION = YES;
				CLANG_WARN_INFINITE_RECURSION = YES;
				CLANG_WARN_INT_CONVERSION = YES;
				CLANG_WARN_NON_LITERAL_NULL_CONVERSION = YES;
				CLANG_WARN_OBJC_IMPLICIT_RETAIN_SELF = YES;
				CLANG_WARN_OBJC_LITERAL_CONVERSION = YES;
				CLANG_WARN_OBJC_ROOT_CLASS = YES_ERROR;
				CLANG_WARN_QUOTED_INCLUDE_IN_FRAMEWORK_HEADER = YES;
				CLANG_WARN_RANGE_LOOP_ANALYSIS = YES;
				CLANG_WARN_STRICT_PROTOTYPES = YES;
				CLANG_WARN_SUSPICIOUS_MOVE = YES;
				CLANG_WARN_UNGUARDED_AVAILABILITY = YES_AGGRESSIVE;
				CLANG_WARN_UNREACHABLE_CODE = YES;
				CLANG_WARN__DUPLICATE_METHOD_MATCH = YES;
				COPY_PHASE_STRIP = NO;
				DEBUG_INFORMATION_FORMAT = dwarf;
				ENABLE_STRICT_OBJC_MSGSEND = YES;
				ENABLE_TESTABILITY = YES;
				GCC_C_LANGUAGE_STANDARD = gnu11;
				GCC_DYNAMIC_NO_PIC = NO;
				GCC_NO_COMMON_BLOCKS = YES;
				GCC_OPTIMIZATION_LEVEL = 0;
				GCC_PREPROCESSOR_DEFINITIONS = (
					"DEBUG=1",
					"$(inherited)",
				);
				GCC_WARN_64_TO_32_BIT_CONVERSION = YES;
				GCC_WARN_ABOUT_RETURN_TYPE = YES_ERROR;
				GCC_WARN_UNDECLARED_SELECTOR = YES;
				GCC_WARN_UNINITIALIZED_AUTOS = YES_AGGRESSIVE;
				GCC_WARN_UNUSED_FUNCTION = YES;
				GCC_WARN_UNUSED_VARIABLE = YES;
				IPHONEOS_DEPLOYMENT_TARGET = 16.0;
				MTL_ENABLE_DEBUG_INFO = INCLUDE_SOURCE;
				MTL_FAST_MATH = YES;
				ONLY_ACTIVE_ARCH = YES;
				SDKROOT = iphoneos;
				SWIFT_ACTIVE_COMPILATION_CONDITIONS = DEBUG;
				SWIFT_OPTIMIZATION_LEVEL = "-Onone";
			};
			name = Debug;
		};
		E937D76F28CA1EB100693B40 /* Release */ = {
			isa = XCBuildConfiguration;
			buildSettings = {
				ALWAYS_SEARCH_USER_PATHS = NO;
				CLANG_ANALYZER_NONNULL = YES;
				CLANG_ANALYZER_NUMBER_OBJECT_CONVERSION = YES_AGGRESSIVE;
				CLANG_CXX_LANGUAGE_STANDARD = "gnu++20";
				CLANG_ENABLE_MODULES = YES;
				CLANG_ENABLE_OBJC_ARC = YES;
				CLANG_ENABLE_OBJC_WEAK = YES;
				CLANG_WARN_BLOCK_CAPTURE_AUTORELEASING = YES;
				CLANG_WARN_BOOL_CONVERSION = YES;
				CLANG_WARN_COMMA = YES;
				CLANG_WARN_CONSTANT_CONVERSION = YES;
				CLANG_WARN_DEPRECATED_OBJC_IMPLEMENTATIONS = YES;
				CLANG_WARN_DIRECT_OBJC_ISA_USAGE = YES_ERROR;
				CLANG_WARN_DOCUMENTATION_COMMENTS = YES;
				CLANG_WARN_EMPTY_BODY = YES;
				CLANG_WARN_ENUM_CONVERSION = YES;
				CLANG_WARN_INFINITE_RECURSION = YES;
				CLANG_WARN_INT_CONVERSION = YES;
				CLANG_WARN_NON_LITERAL_NULL_CONVERSION = YES;
				CLANG_WARN_OBJC_IMPLICIT_RETAIN_SELF = YES;
				CLANG_WARN_OBJC_LITERAL_CONVERSION = YES;
				CLANG_WARN_OBJC_ROOT_CLASS = YES_ERROR;
				CLANG_WARN_QUOTED_INCLUDE_IN_FRAMEWORK_HEADER = YES;
				CLANG_WARN_RANGE_LOOP_ANALYSIS = YES;
				CLANG_WARN_STRICT_PROTOTYPES = YES;
				CLANG_WARN_SUSPICIOUS_MOVE = YES;
				CLANG_WARN_UNGUARDED_AVAILABILITY = YES_AGGRESSIVE;
				CLANG_WARN_UNREACHABLE_CODE = YES;
				CLANG_WARN__DUPLICATE_METHOD_MATCH = YES;
				COPY_PHASE_STRIP = NO;
				DEBUG_INFORMATION_FORMAT = "dwarf-with-dsym";
				ENABLE_NS_ASSERTIONS = NO;
				ENABLE_STRICT_OBJC_MSGSEND = YES;
				GCC_C_LANGUAGE_STANDARD = gnu11;
				GCC_NO_COMMON_BLOCKS = YES;
				GCC_WARN_64_TO_32_BIT_CONVERSION = YES;
				GCC_WARN_ABOUT_RETURN_TYPE = YES_ERROR;
				GCC_WARN_UNDECLARED_SELECTOR = YES;
				GCC_WARN_UNINITIALIZED_AUTOS = YES_AGGRESSIVE;
				GCC_WARN_UNUSED_FUNCTION = YES;
				GCC_WARN_UNUSED_VARIABLE = YES;
				IPHONEOS_DEPLOYMENT_TARGET = 16.0;
				MTL_ENABLE_DEBUG_INFO = NO;
				MTL_FAST_MATH = YES;
				SDKROOT = iphoneos;
				SWIFT_COMPILATION_MODE = wholemodule;
				SWIFT_OPTIMIZATION_LEVEL = "-O";
				VALIDATE_PRODUCT = YES;
			};
			name = Release;
		};
		E937D77128CA1EB100693B40 /* Debug */ = {
			isa = XCBuildConfiguration;
			baseConfigurationReference = B8A5C34A087CBCA0E04673BA /* Pods-Bankey.debug.xcconfig */;
			buildSettings = {
				ASSETCATALOG_COMPILER_APPICON_NAME = AppIcon;
				ASSETCATALOG_COMPILER_GLOBAL_ACCENT_COLOR_NAME = AccentColor;
				CODE_SIGN_STYLE = Automatic;
				CURRENT_PROJECT_VERSION = 2;
				DEVELOPMENT_TEAM = 723HTEFHBA;
				GENERATE_INFOPLIST_FILE = YES;
				INFOPLIST_FILE = Bankey/Info.plist;
				INFOPLIST_KEY_LSApplicationCategoryType = "public.app-category.finance";
				INFOPLIST_KEY_UIApplicationSupportsIndirectInputEvents = YES;
				INFOPLIST_KEY_UILaunchStoryboardName = LaunchScreen;
				INFOPLIST_KEY_UISupportedInterfaceOrientations_iPad = "UIInterfaceOrientationPortrait UIInterfaceOrientationPortraitUpsideDown UIInterfaceOrientationLandscapeLeft UIInterfaceOrientationLandscapeRight";
				INFOPLIST_KEY_UISupportedInterfaceOrientations_iPhone = "UIInterfaceOrientationPortrait UIInterfaceOrientationLandscapeLeft UIInterfaceOrientationLandscapeRight";
				IPHONEOS_DEPLOYMENT_TARGET = 15.0;
				LD_RUNPATH_SEARCH_PATHS = (
					"$(inherited)",
					"@executable_path/Frameworks",
				);
				MARKETING_VERSION = 0.1.2;
				PRODUCT_BUNDLE_IDENTIFIER = ru.fibeApp.Bankey;
				PRODUCT_NAME = "$(TARGET_NAME)";
				SWIFT_EMIT_LOC_STRINGS = YES;
				SWIFT_VERSION = 5.0;
				TARGETED_DEVICE_FAMILY = "1,2";
			};
			name = Debug;
		};
		E937D77228CA1EB100693B40 /* Release */ = {
			isa = XCBuildConfiguration;
			baseConfigurationReference = 06121A970D8B4863FC870548 /* Pods-Bankey.release.xcconfig */;
			buildSettings = {
				ASSETCATALOG_COMPILER_APPICON_NAME = AppIcon;
				ASSETCATALOG_COMPILER_GLOBAL_ACCENT_COLOR_NAME = AccentColor;
				CODE_SIGN_STYLE = Automatic;
				CURRENT_PROJECT_VERSION = 2;
				DEVELOPMENT_TEAM = 723HTEFHBA;
				GENERATE_INFOPLIST_FILE = YES;
				INFOPLIST_FILE = Bankey/Info.plist;
				INFOPLIST_KEY_LSApplicationCategoryType = "public.app-category.finance";
				INFOPLIST_KEY_UIApplicationSupportsIndirectInputEvents = YES;
				INFOPLIST_KEY_UILaunchStoryboardName = LaunchScreen;
				INFOPLIST_KEY_UISupportedInterfaceOrientations_iPad = "UIInterfaceOrientationPortrait UIInterfaceOrientationPortraitUpsideDown UIInterfaceOrientationLandscapeLeft UIInterfaceOrientationLandscapeRight";
				INFOPLIST_KEY_UISupportedInterfaceOrientations_iPhone = "UIInterfaceOrientationPortrait UIInterfaceOrientationLandscapeLeft UIInterfaceOrientationLandscapeRight";
				IPHONEOS_DEPLOYMENT_TARGET = 15.0;
				LD_RUNPATH_SEARCH_PATHS = (
					"$(inherited)",
					"@executable_path/Frameworks",
				);
				MARKETING_VERSION = 0.1.2;
				PRODUCT_BUNDLE_IDENTIFIER = ru.fibeApp.Bankey;
				PRODUCT_NAME = "$(TARGET_NAME)";
				SWIFT_EMIT_LOC_STRINGS = YES;
				SWIFT_VERSION = 5.0;
				TARGETED_DEVICE_FAMILY = "1,2";
			};
			name = Release;
		};
/* End XCBuildConfiguration section */

/* Begin XCConfigurationList section */
		E937D75728CA1EB000693B40 /* Build configuration list for PBXProject "Bankey" */ = {
			isa = XCConfigurationList;
			buildConfigurations = (
				E937D76E28CA1EB100693B40 /* Debug */,
				E937D76F28CA1EB100693B40 /* Release */,
			);
			defaultConfigurationIsVisible = 0;
			defaultConfigurationName = Release;
		};
		E937D77028CA1EB100693B40 /* Build configuration list for PBXNativeTarget "Bankey" */ = {
			isa = XCConfigurationList;
			buildConfigurations = (
				E937D77128CA1EB100693B40 /* Debug */,
				E937D77228CA1EB100693B40 /* Release */,
			);
			defaultConfigurationIsVisible = 0;
			defaultConfigurationName = Release;
		};
/* End XCConfigurationList section */
	};
	rootObject = E937D75428CA1EB000693B40 /* Project object */;
}
